[root]
name = "assimp-build"
version = "0.1.0"
dependencies = [
 "assimp 0.1.0 (registry+https://github.com/rust-lang/crates.io-index)",
 "cmake 0.1.17 (registry+https://github.com/rust-lang/crates.io-index)",
 "pkg-config 0.3.8 (registry+https://github.com/rust-lang/crates.io-index)",
]

[[package]]
name = "assimp"
version = "0.1.0"
source = "registry+https://github.com/rust-lang/crates.io-index"
dependencies = [
 "assimp-sys 0.0.7 (registry+https://github.com/rust-lang/crates.io-index)",
]

[[package]]
name = "assimp-sys"
version = "0.0.7"
source = "registry+https://github.com/rust-lang/crates.io-index"
dependencies = [
 "bitflags 0.3.3 (registry+https://github.com/rust-lang/crates.io-index)",
]

[[package]]
name = "bitflags"
version = "0.3.3"
source = "registry+https://github.com/rust-lang/crates.io-index"

[[package]]
name = "cmake"
version = "0.1.17"
source = "registry+https://github.com/rust-lang/crates.io-index"
dependencies = [
 "gcc 0.3.26 (registry+https://github.com/rust-lang/crates.io-index)",
]

[[package]]
name = "gcc"
version = "0.3.26"
source = "registry+https://github.com/rust-lang/crates.io-index"

[[package]]
name = "pkg-config"
version = "0.3.8"
source = "registry+https://github.com/rust-lang/crates.io-index"

